// !$*UTF8*$!
{
	archiveVersion = 1;
	classes = {
	};
	objectVersion = 48;
	objects = {

/* Begin PBXBuildFile section */
		4153DE841FA651C700517EBE /* AppDelegate.swift in Sources */ = {isa = PBXBuildFile; fileRef = 4153DE831FA651C700517EBE /* AppDelegate.swift */; };
		4153DE891FA651C700517EBE /* Main.storyboard in Resources */ = {isa = PBXBuildFile; fileRef = 4153DE871FA651C700517EBE /* Main.storyboard */; };
		4153DE8B1FA651C700517EBE /* Assets.xcassets in Resources */ = {isa = PBXBuildFile; fileRef = 4153DE8A1FA651C700517EBE /* Assets.xcassets */; };
		4153DE8E1FA651C700517EBE /* LaunchScreen.storyboard in Resources */ = {isa = PBXBuildFile; fileRef = 4153DE8C1FA651C700517EBE /* LaunchScreen.storyboard */; };
		4153DE981FA652B200517EBE /* ListViewController.swift in Sources */ = {isa = PBXBuildFile; fileRef = 4153DE971FA652B100517EBE /* ListViewController.swift */; };
		4153DE9D1FA655E400517EBE /* ListTableViewDatasource.swift in Sources */ = {isa = PBXBuildFile; fileRef = 4153DE9C1FA655E400517EBE /* ListTableViewDatasource.swift */; };
		4153DE9F1FA65A2A00517EBE /* APIService.swift in Sources */ = {isa = PBXBuildFile; fileRef = 4153DE9E1FA65A2A00517EBE /* APIService.swift */; };
		4153DEA31FA65CCD00517EBE /* PhotoModel.swift in Sources */ = {isa = PBXBuildFile; fileRef = 4153DEA21FA65CCD00517EBE /* PhotoModel.swift */; };
		4153DEA51FA667BB00517EBE /* Endpoint.swift in Sources */ = {isa = PBXBuildFile; fileRef = 4153DEA41FA667BB00517EBE /* Endpoint.swift */; };
		4191A1781FA8794A001D037E /* GalleryImageView.swift in Sources */ = {isa = PBXBuildFile; fileRef = 4191A1771FA8794A001D037E /* GalleryImageView.swift */; };
		4191A17A1FA879A7001D037E /* GalleryViewController.swift in Sources */ = {isa = PBXBuildFile; fileRef = 4191A1791FA879A7001D037E /* GalleryViewController.swift */; };
		4191A17E1FA87A4A001D037E /* GalleryImageViewDelegate.swift in Sources */ = {isa = PBXBuildFile; fileRef = 4191A17D1FA87A4A001D037E /* GalleryImageViewDelegate.swift */; };
		4191A1821FA87CC7001D037E /* CaptionView.swift in Sources */ = {isa = PBXBuildFile; fileRef = 4191A1811FA87CC7001D037E /* CaptionView.swift */; };
		41B271181FA8B05700635ADB /* ImageCache.swift in Sources */ = {isa = PBXBuildFile; fileRef = 41B271171FA8B05700635ADB /* ImageCache.swift */; };
		41B72A751FA6704B00975915 /* UserModel.swift in Sources */ = {isa = PBXBuildFile; fileRef = 41B72A741FA6704B00975915 /* UserModel.swift */; };
		41B72A791FA671B900975915 /* ImageUrlsModel.swift in Sources */ = {isa = PBXBuildFile; fileRef = 41B72A781FA671B900975915 /* ImageUrlsModel.swift */; };
		41BBB2A61FA741FC00A1A23E /* PhotoCell.swift in Sources */ = {isa = PBXBuildFile; fileRef = 41BBB2A51FA741FC00A1A23E /* PhotoCell.swift */; };
		41BBB2A91FA7516F00A1A23E /* UIColor+HEX.swift in Sources */ = {isa = PBXBuildFile; fileRef = 41BBB2A81FA7516F00A1A23E /* UIColor+HEX.swift */; };
/* End PBXBuildFile section */

/* Begin PBXFileReference section */
		4153DE801FA651C600517EBE /* Image Gallery.app */ = {isa = PBXFileReference; explicitFileType = wrapper.application; includeInIndex = 0; path = "Image Gallery.app"; sourceTree = BUILT_PRODUCTS_DIR; };
		4153DE831FA651C700517EBE /* AppDelegate.swift */ = {isa = PBXFileReference; lastKnownFileType = sourcecode.swift; path = AppDelegate.swift; sourceTree = "<group>"; };
		4153DE881FA651C700517EBE /* Base */ = {isa = PBXFileReference; lastKnownFileType = file.storyboard; name = Base; path = Base.lproj/Main.storyboard; sourceTree = "<group>"; };
		4153DE8A1FA651C700517EBE /* Assets.xcassets */ = {isa = PBXFileReference; lastKnownFileType = folder.assetcatalog; path = Assets.xcassets; sourceTree = "<group>"; };
		4153DE8D1FA651C700517EBE /* Base */ = {isa = PBXFileReference; lastKnownFileType = file.storyboard; name = Base; path = Base.lproj/LaunchScreen.storyboard; sourceTree = "<group>"; };
		4153DE8F1FA651C700517EBE /* Info.plist */ = {isa = PBXFileReference; lastKnownFileType = text.plist.xml; path = Info.plist; sourceTree = "<group>"; };
		4153DE971FA652B100517EBE /* ListViewController.swift */ = {isa = PBXFileReference; lastKnownFileType = sourcecode.swift; path = ListViewController.swift; sourceTree = "<group>"; };
		4153DE9C1FA655E400517EBE /* ListTableViewDatasource.swift */ = {isa = PBXFileReference; lastKnownFileType = sourcecode.swift; path = ListTableViewDatasource.swift; sourceTree = "<group>"; };
		4153DE9E1FA65A2A00517EBE /* APIService.swift */ = {isa = PBXFileReference; lastKnownFileType = sourcecode.swift; path = APIService.swift; sourceTree = "<group>"; };
		4153DEA21FA65CCD00517EBE /* PhotoModel.swift */ = {isa = PBXFileReference; lastKnownFileType = sourcecode.swift; path = PhotoModel.swift; sourceTree = "<group>"; };
		4153DEA41FA667BB00517EBE /* Endpoint.swift */ = {isa = PBXFileReference; lastKnownFileType = sourcecode.swift; path = Endpoint.swift; sourceTree = "<group>"; };
		4191A1771FA8794A001D037E /* GalleryImageView.swift */ = {isa = PBXFileReference; lastKnownFileType = sourcecode.swift; path = GalleryImageView.swift; sourceTree = "<group>"; };
		4191A1791FA879A7001D037E /* GalleryViewController.swift */ = {isa = PBXFileReference; lastKnownFileType = sourcecode.swift; path = GalleryViewController.swift; sourceTree = "<group>"; };
		4191A17D1FA87A4A001D037E /* GalleryImageViewDelegate.swift */ = {isa = PBXFileReference; lastKnownFileType = sourcecode.swift; path = GalleryImageViewDelegate.swift; sourceTree = "<group>"; };
		4191A1811FA87CC7001D037E /* CaptionView.swift */ = {isa = PBXFileReference; lastKnownFileType = sourcecode.swift; path = CaptionView.swift; sourceTree = "<group>"; };
		41B271171FA8B05700635ADB /* ImageCache.swift */ = {isa = PBXFileReference; lastKnownFileType = sourcecode.swift; path = ImageCache.swift; sourceTree = "<group>"; };
		41B72A741FA6704B00975915 /* UserModel.swift */ = {isa = PBXFileReference; lastKnownFileType = sourcecode.swift; path = UserModel.swift; sourceTree = "<group>"; };
		41B72A781FA671B900975915 /* ImageUrlsModel.swift */ = {isa = PBXFileReference; lastKnownFileType = sourcecode.swift; path = ImageUrlsModel.swift; sourceTree = "<group>"; };
		41BBB2A51FA741FC00A1A23E /* PhotoCell.swift */ = {isa = PBXFileReference; lastKnownFileType = sourcecode.swift; path = PhotoCell.swift; sourceTree = "<group>"; };
		41BBB2A81FA7516F00A1A23E /* UIColor+HEX.swift */ = {isa = PBXFileReference; lastKnownFileType = sourcecode.swift; path = "UIColor+HEX.swift"; sourceTree = "<group>"; };
/* End PBXFileReference section */

/* Begin PBXFrameworksBuildPhase section */
		4153DE7D1FA651C600517EBE /* Frameworks */ = {
			isa = PBXFrameworksBuildPhase;
			buildActionMask = 2147483647;
			files = (
			);
			runOnlyForDeploymentPostprocessing = 0;
		};
/* End PBXFrameworksBuildPhase section */

/* Begin PBXGroup section */
		4153DE771FA651C600517EBE = {
			isa = PBXGroup;
			children = (
				4153DE821FA651C600517EBE /* Image Gallery */,
				4153DE811FA651C600517EBE /* Products */,
			);
			sourceTree = "<group>";
		};
		4153DE811FA651C600517EBE /* Products */ = {
			isa = PBXGroup;
			children = (
				4153DE801FA651C600517EBE /* Image Gallery.app */,
			);
			name = Products;
			sourceTree = "<group>";
		};
		4153DE821FA651C600517EBE /* Image Gallery */ = {
			isa = PBXGroup;
			children = (
				4153DE831FA651C700517EBE /* AppDelegate.swift */,
				4153DEA11FA65CA900517EBE /* Models */,
				4153DEA01FA65A3200517EBE /* Networking */,
				4153DE9B1FA655AA00517EBE /* Datasources */,
				4153DE961FA6529100517EBE /* Controllers */,
				4153DE951FA6523600517EBE /* Storyboards */,
				41BBB2A71FA7514500A1A23E /* Extensions */,
				4153DE8A1FA651C700517EBE /* Assets.xcassets */,
				4153DE8F1FA651C700517EBE /* Info.plist */,
			);
			path = "Image Gallery";
			sourceTree = "<group>";
		};
		4153DE951FA6523600517EBE /* Storyboards */ = {
			isa = PBXGroup;
			children = (
				4153DE871FA651C700517EBE /* Main.storyboard */,
				4153DE8C1FA651C700517EBE /* LaunchScreen.storyboard */,
			);
			path = Storyboards;
			sourceTree = "<group>";
		};
		4153DE961FA6529100517EBE /* Controllers */ = {
			isa = PBXGroup;
			children = (
				41BBB2AA1FA7611300A1A23E /* GalleryViewController */,
				41BBB2A41FA741D400A1A23E /* ListViewController */,
			);
			path = Controllers;
			sourceTree = "<group>";
		};
		4153DE9B1FA655AA00517EBE /* Datasources */ = {
			isa = PBXGroup;
			children = (
				4153DE9C1FA655E400517EBE /* ListTableViewDatasource.swift */,
			);
			path = Datasources;
			sourceTree = "<group>";
		};
		4153DEA01FA65A3200517EBE /* Networking */ = {
			isa = PBXGroup;
			children = (
				4153DE9E1FA65A2A00517EBE /* APIService.swift */,
				4153DEA41FA667BB00517EBE /* Endpoint.swift */,
				41B271171FA8B05700635ADB /* ImageCache.swift */,
			);
			path = Networking;
			sourceTree = "<group>";
		};
		4153DEA11FA65CA900517EBE /* Models */ = {
			isa = PBXGroup;
			children = (
				4153DEA21FA65CCD00517EBE /* PhotoModel.swift */,
				41B72A741FA6704B00975915 /* UserModel.swift */,
				41B72A781FA671B900975915 /* ImageUrlsModel.swift */,
			);
			path = Models;
			sourceTree = "<group>";
		};
		41BBB2A41FA741D400A1A23E /* ListViewController */ = {
			isa = PBXGroup;
			children = (
				4153DE971FA652B100517EBE /* ListViewController.swift */,
				41BBB2A51FA741FC00A1A23E /* PhotoCell.swift */,
			);
			path = ListViewController;
			sourceTree = "<group>";
		};
		41BBB2A71FA7514500A1A23E /* Extensions */ = {
			isa = PBXGroup;
			children = (
				41BBB2A81FA7516F00A1A23E /* UIColor+HEX.swift */,
			);
			path = Extensions;
			sourceTree = "<group>";
		};
		41BBB2AA1FA7611300A1A23E /* GalleryViewController */ = {
			isa = PBXGroup;
			children = (
				4191A1791FA879A7001D037E /* GalleryViewController.swift */,
				4191A1771FA8794A001D037E /* GalleryImageView.swift */,
				4191A17D1FA87A4A001D037E /* GalleryImageViewDelegate.swift */,
				4191A1811FA87CC7001D037E /* CaptionView.swift */,
			);
			path = GalleryViewController;
			sourceTree = "<group>";
		};
/* End PBXGroup section */

/* Begin PBXNativeTarget section */
		4153DE7F1FA651C600517EBE /* Image Gallery */ = {
			isa = PBXNativeTarget;
			buildConfigurationList = 4153DE921FA651C700517EBE /* Build configuration list for PBXNativeTarget "Image Gallery" */;
			buildPhases = (
				4153DE7C1FA651C600517EBE /* Sources */,
				4153DE7D1FA651C600517EBE /* Frameworks */,
				4153DE7E1FA651C600517EBE /* Resources */,
			);
			buildRules = (
			);
			dependencies = (
			);
			name = "Image Gallery";
			productName = "Image Gallery";
			productReference = 4153DE801FA651C600517EBE /* Image Gallery.app */;
			productType = "com.apple.product-type.application";
		};
/* End PBXNativeTarget section */

/* Begin PBXProject section */
		4153DE781FA651C600517EBE /* Project object */ = {
			isa = PBXProject;
			attributes = {
				LastSwiftUpdateCheck = 0900;
				LastUpgradeCheck = 0900;
				ORGANIZATIONNAME = "Illia Lukisha";
				TargetAttributes = {
					4153DE7F1FA651C600517EBE = {
						CreatedOnToolsVersion = 9.0.1;
						ProvisioningStyle = Automatic;
					};
				};
			};
			buildConfigurationList = 4153DE7B1FA651C600517EBE /* Build configuration list for PBXProject "Image Gallery" */;
			compatibilityVersion = "Xcode 8.0";
			developmentRegion = en;
			hasScannedForEncodings = 0;
			knownRegions = (
				en,
				Base,
			);
			mainGroup = 4153DE771FA651C600517EBE;
			productRefGroup = 4153DE811FA651C600517EBE /* Products */;
			projectDirPath = "";
			projectRoot = "";
			targets = (
				4153DE7F1FA651C600517EBE /* Image Gallery */,
			);
		};
/* End PBXProject section */

/* Begin PBXResourcesBuildPhase section */
		4153DE7E1FA651C600517EBE /* Resources */ = {
			isa = PBXResourcesBuildPhase;
			buildActionMask = 2147483647;
			files = (
				4153DE8E1FA651C700517EBE /* LaunchScreen.storyboard in Resources */,
				4153DE8B1FA651C700517EBE /* Assets.xcassets in Resources */,
				4153DE891FA651C700517EBE /* Main.storyboard in Resources */,
			);
			runOnlyForDeploymentPostprocessing = 0;
		};
/* End PBXResourcesBuildPhase section */

/* Begin PBXSourcesBuildPhase section */
		4153DE7C1FA651C600517EBE /* Sources */ = {
			isa = PBXSourcesBuildPhase;
			buildActionMask = 2147483647;
			files = (
				4153DEA51FA667BB00517EBE /* Endpoint.swift in Sources */,
				4191A17E1FA87A4A001D037E /* GalleryImageViewDelegate.swift in Sources */,
				41B271181FA8B05700635ADB /* ImageCache.swift in Sources */,
				4191A1781FA8794A001D037E /* GalleryImageView.swift in Sources */,
				4153DEA31FA65CCD00517EBE /* PhotoModel.swift in Sources */,
				4191A1821FA87CC7001D037E /* CaptionView.swift in Sources */,
				41B72A751FA6704B00975915 /* UserModel.swift in Sources */,
				4153DE9D1FA655E400517EBE /* ListTableViewDatasource.swift in Sources */,
				4191A17A1FA879A7001D037E /* GalleryViewController.swift in Sources */,
				41BBB2A91FA7516F00A1A23E /* UIColor+HEX.swift in Sources */,
				4153DE9F1FA65A2A00517EBE /* APIService.swift in Sources */,
				41BBB2A61FA741FC00A1A23E /* PhotoCell.swift in Sources */,
				4153DE841FA651C700517EBE /* AppDelegate.swift in Sources */,
				41B72A791FA671B900975915 /* ImageUrlsModel.swift in Sources */,
				4153DE981FA652B200517EBE /* ListViewController.swift in Sources */,
			);
			runOnlyForDeploymentPostprocessing = 0;
		};
/* End PBXSourcesBuildPhase section */

/* Begin PBXVariantGroup section */
		4153DE871FA651C700517EBE /* Main.storyboard */ = {
			isa = PBXVariantGroup;
			children = (
				4153DE881FA651C700517EBE /* Base */,
			);
			name = Main.storyboard;
			sourceTree = "<group>";
		};
		4153DE8C1FA651C700517EBE /* LaunchScreen.storyboard */ = {
			isa = PBXVariantGroup;
			children = (
				4153DE8D1FA651C700517EBE /* Base */,
			);
			name = LaunchScreen.storyboard;
			sourceTree = "<group>";
		};
/* End PBXVariantGroup section */

/* Begin XCBuildConfiguration section */
		4153DE901FA651C700517EBE /* Debug */ = {
			isa = XCBuildConfiguration;
			buildSettings = {
				ALWAYS_SEARCH_USER_PATHS = NO;
				CLANG_ANALYZER_NONNULL = YES;
				CLANG_ANALYZER_NUMBER_OBJECT_CONVERSION = YES_AGGRESSIVE;
				CLANG_CXX_LANGUAGE_STANDARD = "gnu++14";
				CLANG_CXX_LIBRARY = "libc++";
				CLANG_ENABLE_MODULES = YES;
				CLANG_ENABLE_OBJC_ARC = YES;
				CLANG_WARN_BLOCK_CAPTURE_AUTORELEASING = YES;
				CLANG_WARN_BOOL_CONVERSION = YES;
				CLANG_WARN_COMMA = YES;
				CLANG_WARN_CONSTANT_CONVERSION = YES;
				CLANG_WARN_DIRECT_OBJC_ISA_USAGE = YES_ERROR;
				CLANG_WARN_DOCUMENTATION_COMMENTS = YES;
				CLANG_WARN_EMPTY_BODY = YES;
				CLANG_WARN_ENUM_CONVERSION = YES;
				CLANG_WARN_INFINITE_RECURSION = YES;
				CLANG_WARN_INT_CONVERSION = YES;
				CLANG_WARN_NON_LITERAL_NULL_CONVERSION = YES;
				CLANG_WARN_OBJC_LITERAL_CONVERSION = YES;
				CLANG_WARN_OBJC_ROOT_CLASS = YES_ERROR;
				CLANG_WARN_RANGE_LOOP_ANALYSIS = YES;
				CLANG_WARN_STRICT_PROTOTYPES = YES;
				CLANG_WARN_SUSPICIOUS_MOVE = YES;
				CLANG_WARN_UNGUARDED_AVAILABILITY = YES_AGGRESSIVE;
				CLANG_WARN_UNREACHABLE_CODE = YES;
				CLANG_WARN__DUPLICATE_METHOD_MATCH = YES;
				CODE_SIGN_IDENTITY = "iPhone Developer";
				COPY_PHASE_STRIP = NO;
				DEBUG_INFORMATION_FORMAT = dwarf;
				ENABLE_STRICT_OBJC_MSGSEND = YES;
				ENABLE_TESTABILITY = YES;
				GCC_C_LANGUAGE_STANDARD = gnu11;
				GCC_DYNAMIC_NO_PIC = NO;
				GCC_NO_COMMON_BLOCKS = YES;
				GCC_OPTIMIZATION_LEVEL = 0;
				GCC_PREPROCESSOR_DEFINITIONS = (
					"DEBUG=1",
					"$(inherited)",
				);
				GCC_WARN_64_TO_32_BIT_CONVERSION = YES;
				GCC_WARN_ABOUT_RETURN_TYPE = YES_ERROR;
				GCC_WARN_UNDECLARED_SELECTOR = YES;
				GCC_WARN_UNINITIALIZED_AUTOS = YES_AGGRESSIVE;
				GCC_WARN_UNUSED_FUNCTION = YES;
				GCC_WARN_UNUSED_VARIABLE = YES;
				IPHONEOS_DEPLOYMENT_TARGET = 11.0;
				MTL_ENABLE_DEBUG_INFO = YES;
				ONLY_ACTIVE_ARCH = YES;
				SDKROOT = iphoneos;
				SWIFT_ACTIVE_COMPILATION_CONDITIONS = DEBUG;
				SWIFT_OPTIMIZATION_LEVEL = "-Onone";
			};
			name = Debug;
		};
		4153DE911FA651C700517EBE /* Release */ = {
			isa = XCBuildConfiguration;
			buildSettings = {
				ALWAYS_SEARCH_USER_PATHS = NO;
				CLANG_ANALYZER_NONNULL = YES;
				CLANG_ANALYZER_NUMBER_OBJECT_CONVERSION = YES_AGGRESSIVE;
				CLANG_CXX_LANGUAGE_STANDARD = "gnu++14";
				CLANG_CXX_LIBRARY = "libc++";
				CLANG_ENABLE_MODULES = YES;
				CLANG_ENABLE_OBJC_ARC = YES;
				CLANG_WARN_BLOCK_CAPTURE_AUTORELEASING = YES;
				CLANG_WARN_BOOL_CONVERSION = YES;
				CLANG_WARN_COMMA = YES;
				CLANG_WARN_CONSTANT_CONVERSION = YES;
				CLANG_WARN_DIRECT_OBJC_ISA_USAGE = YES_ERROR;
				CLANG_WARN_DOCUMENTATION_COMMENTS = YES;
				CLANG_WARN_EMPTY_BODY = YES;
				CLANG_WARN_ENUM_CONVERSION = YES;
				CLANG_WARN_INFINITE_RECURSION = YES;
				CLANG_WARN_INT_CONVERSION = YES;
				CLANG_WARN_NON_LITERAL_NULL_CONVERSION = YES;
				CLANG_WARN_OBJC_LITERAL_CONVERSION = YES;
				CLANG_WARN_OBJC_ROOT_CLASS = YES_ERROR;
				CLANG_WARN_RANGE_LOOP_ANALYSIS = YES;
				CLANG_WARN_STRICT_PROTOTYPES = YES;
				CLANG_WARN_SUSPICIOUS_MOVE = YES;
				CLANG_WARN_UNGUARDED_AVAILABILITY = YES_AGGRESSIVE;
				CLANG_WARN_UNREACHABLE_CODE = YES;
				CLANG_WARN__DUPLICATE_METHOD_MATCH = YES;
				CODE_SIGN_IDENTITY = "iPhone Developer";
				COPY_PHASE_STRIP = NO;
				DEBUG_INFORMATION_FORMAT = "dwarf-with-dsym";
				ENABLE_NS_ASSERTIONS = NO;
				ENABLE_STRICT_OBJC_MSGSEND = YES;
				GCC_C_LANGUAGE_STANDARD = gnu11;
				GCC_NO_COMMON_BLOCKS = YES;
				GCC_WARN_64_TO_32_BIT_CONVERSION = YES;
				GCC_WARN_ABOUT_RETURN_TYPE = YES_ERROR;
				GCC_WARN_UNDECLARED_SELECTOR = YES;
				GCC_WARN_UNINITIALIZED_AUTOS = YES_AGGRESSIVE;
				GCC_WARN_UNUSED_FUNCTION = YES;
				GCC_WARN_UNUSED_VARIABLE = YES;
				IPHONEOS_DEPLOYMENT_TARGET = 11.0;
				MTL_ENABLE_DEBUG_INFO = NO;
				SDKROOT = iphoneos;
				SWIFT_OPTIMIZATION_LEVEL = "-Owholemodule";
				VALIDATE_PRODUCT = YES;
			};
			name = Release;
		};
		4153DE931FA651C700517EBE /* Debug */ = {
			isa = XCBuildConfiguration;
			buildSettings = {
				ASSETCATALOG_COMPILER_APPICON_NAME = AppIcon;
				CODE_SIGN_STYLE = Automatic;
				DEVELOPMENT_TEAM = T5S4ET25CU;
				INFOPLIST_FILE = "Image Gallery/Info.plist";
				LD_RUNPATH_SEARCH_PATHS = "$(inherited) @executable_path/Frameworks";
				PRODUCT_BUNDLE_IDENTIFIER = "illia.Image-Gallery";
				PRODUCT_NAME = "$(TARGET_NAME)";
				SWIFT_VERSION = 4.0;
				TARGETED_DEVICE_FAMILY = "1,2";
			};
			name = Debug;
		};
		4153DE941FA651C700517EBE /* Release */ = {
			isa = XCBuildConfiguration;
			buildSettings = {
				ASSETCATALOG_COMPILER_APPICON_NAME = AppIcon;
				CODE_SIGN_STYLE = Automatic;
				DEVELOPMENT_TEAM = T5S4ET25CU;
				INFOPLIST_FILE = "Image Gallery/Info.plist";
				LD_RUNPATH_SEARCH_PATHS = "$(inherited) @executable_path/Frameworks";
				PRODUCT_BUNDLE_IDENTIFIER = "illia.Image-Gallery";
				PRODUCT_NAME = "$(TARGET_NAME)";
				SWIFT_VERSION = 4.0;
				TARGETED_DEVICE_FAMILY = "1,2";
			};
			name = Release;
		};
/* End XCBuildConfiguration section */

/* Begin XCConfigurationList section */
		4153DE7B1FA651C600517EBE /* Build configuration list for PBXProject "Image Gallery" */ = {
			isa = XCConfigurationList;
			buildConfigurations = (
				4153DE901FA651C700517EBE /* Debug */,
				4153DE911FA651C700517EBE /* Release */,
			);
			defaultConfigurationIsVisible = 0;
			defaultConfigurationName = Release;
		};
		4153DE921FA651C700517EBE /* Build configuration list for PBXNativeTarget "Image Gallery" */ = {
			isa = XCConfigurationList;
			buildConfigurations = (
				4153DE931FA651C700517EBE /* Debug */,
				4153DE941FA651C700517EBE /* Release */,
			);
			defaultConfigurationIsVisible = 0;
			defaultConfigurationName = Release;
		};
/* End XCConfigurationList section */
	};
	rootObject = 4153DE781FA651C600517EBE /* Project object */;
}
